PODS:
  - Realm (10.12.0):
    - Realm/Headers (= 10.12.0)
  - Realm/Headers (10.12.0)
  - RealmSwift (10.12.0):
    - Realm (= 10.12.0)
  - SnapKit (5.0.1)
  - Then (2.7.0)

DEPENDENCIES:
  - RealmSwift
  - SnapKit
  - Then

SPEC REPOS:
  trunk:
    - Realm
    - RealmSwift
    - SnapKit
    - Then

SPEC CHECKSUMS:
  Realm: 32488213acb44660539c619d620cec1bac046166
  RealmSwift: 0abdca6231d5ff8a4f84cef9c1121ef95a483faf
  SnapKit: 97b92857e3df3a0c71833cce143274bf6ef8e5eb
  Then: acfe0be7e98221c6204e12f8161459606d5d822d

PODFILE CHECKSUM: 27b1f957d758f404e29e2e8910125eedb93d686d

COCOAPODS: 1.10.1
