// !$*UTF8*$!
{
	archiveVersion = 1;
	classes = {
	};
	objectVersion = 52;
	objects = {

/* Begin PBXBuildFile section */
		D40016E72680DDF6003CF521 /* SearchCell.swift in Sources */ = {isa = PBXBuildFile; fileRef = D40016E62680DDF6003CF521 /* SearchCell.swift */; };
		D40016E92680DE54003CF521 /* Cell+Reusable.swift in Sources */ = {isa = PBXBuildFile; fileRef = D40016E82680DE54003CF521 /* Cell+Reusable.swift */; };
		D40016EB2680ECE3003CF521 /* PopularCell.swift in Sources */ = {isa = PBXBuildFile; fileRef = D40016EA2680ECE3003CF521 /* PopularCell.swift */; };
		D4035D3B280C05A50078DE1F /* NetworkConfigurable.swift in Sources */ = {isa = PBXBuildFile; fileRef = D4035D3A280C05A50078DE1F /* NetworkConfigurable.swift */; };
		D4035D3D280C05D80078DE1F /* HTTPHeader.swift in Sources */ = {isa = PBXBuildFile; fileRef = D4035D3C280C05D80078DE1F /* HTTPHeader.swift */; };
		D4035D41280C061C0078DE1F /* AnyEncodable.swift in Sources */ = {isa = PBXBuildFile; fileRef = D4035D40280C061C0078DE1F /* AnyEncodable.swift */; };
		D4035D43280C06300078DE1F /* NetworkManagerError.swift in Sources */ = {isa = PBXBuildFile; fileRef = D4035D42280C06300078DE1F /* NetworkManagerError.swift */; };
		D4035D45280C06620078DE1F /* ParameterEncoding.swift in Sources */ = {isa = PBXBuildFile; fileRef = D4035D44280C06620078DE1F /* ParameterEncoding.swift */; };
		D4035D47280C06750078DE1F /* URLSessionType.swift in Sources */ = {isa = PBXBuildFile; fileRef = D4035D46280C06750078DE1F /* URLSessionType.swift */; };
		D4035D49280C06DC0078DE1F /* NetworkCancellable.swift in Sources */ = {isa = PBXBuildFile; fileRef = D4035D48280C06DC0078DE1F /* NetworkCancellable.swift */; };
		D4035D4B280C07B10078DE1F /* AppConfiguration.swift in Sources */ = {isa = PBXBuildFile; fileRef = D4035D4A280C07B10078DE1F /* AppConfiguration.swift */; };
		D42B15E12690F0FA00238CEF /* ImageModel.swift in Sources */ = {isa = PBXBuildFile; fileRef = D42B15E02690F0FA00238CEF /* ImageModel.swift */; };
		D45D933026B83EF50024D0A8 /* GlobalPropertyServiceTests.swift in Sources */ = {isa = PBXBuildFile; fileRef = D45D932F26B83EF50024D0A8 /* GlobalPropertyServiceTests.swift */; };
		D4691B2826B69AF7000F0C12 /* MockURLSession.swift in Sources */ = {isa = PBXBuildFile; fileRef = D4691B2726B69AF7000F0C12 /* MockURLSession.swift */; };
		D4691B2A26B6A49C000F0C12 /* NetworkManagerTests.swift in Sources */ = {isa = PBXBuildFile; fileRef = D4691B2926B6A49C000F0C12 /* NetworkManagerTests.swift */; };
		D4691B2C26B6B058000F0C12 /* UnsplashAPIServiceTests.swift in Sources */ = {isa = PBXBuildFile; fileRef = D4691B2B26B6B058000F0C12 /* UnsplashAPIServiceTests.swift */; };
		D4710FCA27F9711B00B62117 /* ReactorKit in Frameworks */ = {isa = PBXBuildFile; productRef = D4710FC927F9711B00B62117 /* ReactorKit */; };
		D4710FCC27F9740C00B62117 /* SearchViewReactor.swift in Sources */ = {isa = PBXBuildFile; fileRef = D4710FCB27F9740C00B62117 /* SearchViewReactor.swift */; };
		D4710FCF27F974E400B62117 /* RxBlocking in Frameworks */ = {isa = PBXBuildFile; productRef = D4710FCE27F974E400B62117 /* RxBlocking */; };
		D4710FD127F974E400B62117 /* RxCocoa in Frameworks */ = {isa = PBXBuildFile; productRef = D4710FD027F974E400B62117 /* RxCocoa */; };
		D4710FD327F974E400B62117 /* RxRelay in Frameworks */ = {isa = PBXBuildFile; productRef = D4710FD227F974E400B62117 /* RxRelay */; };
		D4710FD527F974E400B62117 /* RxSwift in Frameworks */ = {isa = PBXBuildFile; productRef = D4710FD427F974E400B62117 /* RxSwift */; };
		D4710FD727F9A54600B62117 /* PopularViewReactor.swift in Sources */ = {isa = PBXBuildFile; fileRef = D4710FD627F9A54600B62117 /* PopularViewReactor.swift */; };
		D4710FDC27FA863800B62117 /* FavoriteViewReactor.swift in Sources */ = {isa = PBXBuildFile; fileRef = D4710FDB27FA863800B62117 /* FavoriteViewReactor.swift */; };
		D4710FE027FA944A00B62117 /* DetailViewReactor.swift in Sources */ = {isa = PBXBuildFile; fileRef = D4710FDF27FA944A00B62117 /* DetailViewReactor.swift */; };
		D47B749627F70975008246A5 /* Then in Frameworks */ = {isa = PBXBuildFile; productRef = D47B749527F70975008246A5 /* Then */; };
		D47B749927F70991008246A5 /* SnapKit in Frameworks */ = {isa = PBXBuildFile; productRef = D47B749827F70991008246A5 /* SnapKit */; };
		D47B749C27F70AE4008246A5 /* Realm in Frameworks */ = {isa = PBXBuildFile; productRef = D47B749B27F70AE4008246A5 /* Realm */; };
		D47B749E27F70AE4008246A5 /* RealmSwift in Frameworks */ = {isa = PBXBuildFile; productRef = D47B749D27F70AE4008246A5 /* RealmSwift */; };
		D48CE60526777545000438A7 /* AppDelegate.swift in Sources */ = {isa = PBXBuildFile; fileRef = D48CE60426777545000438A7 /* AppDelegate.swift */; };
		D48CE60E26777546000438A7 /* Assets.xcassets in Resources */ = {isa = PBXBuildFile; fileRef = D48CE60D26777546000438A7 /* Assets.xcassets */; };
		D48CE61126777546000438A7 /* LaunchScreen.storyboard in Resources */ = {isa = PBXBuildFile; fileRef = D48CE60F26777546000438A7 /* LaunchScreen.storyboard */; };
		D48CE61D26777A1A000438A7 /* SearchViewController.swift in Sources */ = {isa = PBXBuildFile; fileRef = D48CE61C26777A1A000438A7 /* SearchViewController.swift */; };
		D48CE61F26777A21000438A7 /* PopularViewController.swift in Sources */ = {isa = PBXBuildFile; fileRef = D48CE61E26777A21000438A7 /* PopularViewController.swift */; };
		D48CE62126777A29000438A7 /* FavoriteViewController.swift in Sources */ = {isa = PBXBuildFile; fileRef = D48CE62026777A29000438A7 /* FavoriteViewController.swift */; };
		D49068822686E02C00316379 /* FavoriteCell.swift in Sources */ = {isa = PBXBuildFile; fileRef = D49068812686E02C00316379 /* FavoriteCell.swift */; };
		D4907A2C26C7C1BD00717A12 /* MockNetworkManager.swift in Sources */ = {isa = PBXBuildFile; fileRef = D4907A2B26C7C1BD00717A12 /* MockNetworkManager.swift */; };
		D4907A2E26C7C2B800717A12 /* StorageManagerTests.swift in Sources */ = {isa = PBXBuildFile; fileRef = D4907A2D26C7C2B800717A12 /* StorageManagerTests.swift */; };
		D49CAA872680760800B87587 /* NetworkManager.swift in Sources */ = {isa = PBXBuildFile; fileRef = D49CAA862680760800B87587 /* NetworkManager.swift */; };
		D49CAA8A2680796A00B87587 /* UnsplashAPIService.swift in Sources */ = {isa = PBXBuildFile; fileRef = D49CAA892680796A00B87587 /* UnsplashAPIService.swift */; };
		D49CAA8C268079B000B87587 /* LaunchViewController.swift in Sources */ = {isa = PBXBuildFile; fileRef = D49CAA8B268079B000B87587 /* LaunchViewController.swift */; };
		D49CAA8E268079DB00B87587 /* MainTabBarController.swift in Sources */ = {isa = PBXBuildFile; fileRef = D49CAA8D268079DB00B87587 /* MainTabBarController.swift */; };
		D49EF3D826A420540034FD8F /* StorageManager.swift in Sources */ = {isa = PBXBuildFile; fileRef = D49EF3D726A420540034FD8F /* StorageManager.swift */; };
		D49EF3DC26A586730034FD8F /* DetailViewController.swift in Sources */ = {isa = PBXBuildFile; fileRef = D49EF3DB26A586730034FD8F /* DetailViewController.swift */; };
		D49EF3DE26A586F00034FD8F /* POImageView.swift in Sources */ = {isa = PBXBuildFile; fileRef = D49EF3DD26A586F00034FD8F /* POImageView.swift */; };
		D4A9280B269068DF002B02D7 /* EndpointType.swift in Sources */ = {isa = PBXBuildFile; fileRef = D4A9280A269068DF002B02D7 /* EndpointType.swift */; };
		D4A9280D26907FF8002B02D7 /* UnsplashEndpoint.swift in Sources */ = {isa = PBXBuildFile; fileRef = D4A9280C26907FF8002B02D7 /* UnsplashEndpoint.swift */; };
		D4A9280F26908C2B002B02D7 /* ServiceProvider.swift in Sources */ = {isa = PBXBuildFile; fileRef = D4A9280E26908C2B002B02D7 /* ServiceProvider.swift */; };
		D4A928112690D678002B02D7 /* ImageService.swift in Sources */ = {isa = PBXBuildFile; fileRef = D4A928102690D678002B02D7 /* ImageService.swift */; };
/* End PBXBuildFile section */

/* Begin PBXContainerItemProxy section */
		D479C83426B5114D00A9A8DC /* PBXContainerItemProxy */ = {
			isa = PBXContainerItemProxy;
			containerPortal = D48CE5F926777545000438A7 /* Project object */;
			proxyType = 1;
			remoteGlobalIDString = D48CE60026777545000438A7;
			remoteInfo = Unsplasher;
		};
/* End PBXContainerItemProxy section */

/* Begin PBXFileReference section */
		D40016E62680DDF6003CF521 /* SearchCell.swift */ = {isa = PBXFileReference; lastKnownFileType = sourcecode.swift; path = SearchCell.swift; sourceTree = "<group>"; };
		D40016E82680DE54003CF521 /* Cell+Reusable.swift */ = {isa = PBXFileReference; lastKnownFileType = sourcecode.swift; path = "Cell+Reusable.swift"; sourceTree = "<group>"; };
		D40016EA2680ECE3003CF521 /* PopularCell.swift */ = {isa = PBXFileReference; lastKnownFileType = sourcecode.swift; path = PopularCell.swift; sourceTree = "<group>"; };
		D4035D3A280C05A50078DE1F /* NetworkConfigurable.swift */ = {isa = PBXFileReference; lastKnownFileType = sourcecode.swift; path = NetworkConfigurable.swift; sourceTree = "<group>"; };
		D4035D3C280C05D80078DE1F /* HTTPHeader.swift */ = {isa = PBXFileReference; lastKnownFileType = sourcecode.swift; path = HTTPHeader.swift; sourceTree = "<group>"; };
		D4035D40280C061C0078DE1F /* AnyEncodable.swift */ = {isa = PBXFileReference; lastKnownFileType = sourcecode.swift; path = AnyEncodable.swift; sourceTree = "<group>"; };
		D4035D42280C06300078DE1F /* NetworkManagerError.swift */ = {isa = PBXFileReference; lastKnownFileType = sourcecode.swift; path = NetworkManagerError.swift; sourceTree = "<group>"; };
		D4035D44280C06620078DE1F /* ParameterEncoding.swift */ = {isa = PBXFileReference; lastKnownFileType = sourcecode.swift; path = ParameterEncoding.swift; sourceTree = "<group>"; };
		D4035D46280C06750078DE1F /* URLSessionType.swift */ = {isa = PBXFileReference; lastKnownFileType = sourcecode.swift; path = URLSessionType.swift; sourceTree = "<group>"; };
		D4035D48280C06DC0078DE1F /* NetworkCancellable.swift */ = {isa = PBXFileReference; lastKnownFileType = sourcecode.swift; path = NetworkCancellable.swift; sourceTree = "<group>"; };
		D4035D4A280C07B10078DE1F /* AppConfiguration.swift */ = {isa = PBXFileReference; lastKnownFileType = sourcecode.swift; path = AppConfiguration.swift; sourceTree = "<group>"; };
		D42B15E02690F0FA00238CEF /* ImageModel.swift */ = {isa = PBXFileReference; lastKnownFileType = sourcecode.swift; path = ImageModel.swift; sourceTree = "<group>"; };
		D45D932F26B83EF50024D0A8 /* GlobalPropertyServiceTests.swift */ = {isa = PBXFileReference; lastKnownFileType = sourcecode.swift; path = GlobalPropertyServiceTests.swift; sourceTree = "<group>"; };
		D4691B2726B69AF7000F0C12 /* MockURLSession.swift */ = {isa = PBXFileReference; lastKnownFileType = sourcecode.swift; path = MockURLSession.swift; sourceTree = "<group>"; };
		D4691B2926B6A49C000F0C12 /* NetworkManagerTests.swift */ = {isa = PBXFileReference; lastKnownFileType = sourcecode.swift; path = NetworkManagerTests.swift; sourceTree = "<group>"; };
		D4691B2B26B6B058000F0C12 /* UnsplashAPIServiceTests.swift */ = {isa = PBXFileReference; lastKnownFileType = sourcecode.swift; path = UnsplashAPIServiceTests.swift; sourceTree = "<group>"; };
		D4710FCB27F9740C00B62117 /* SearchViewReactor.swift */ = {isa = PBXFileReference; lastKnownFileType = sourcecode.swift; path = SearchViewReactor.swift; sourceTree = "<group>"; };
		D4710FD627F9A54600B62117 /* PopularViewReactor.swift */ = {isa = PBXFileReference; lastKnownFileType = sourcecode.swift; path = PopularViewReactor.swift; sourceTree = "<group>"; };
		D4710FDB27FA863800B62117 /* FavoriteViewReactor.swift */ = {isa = PBXFileReference; lastKnownFileType = sourcecode.swift; path = FavoriteViewReactor.swift; sourceTree = "<group>"; };
		D4710FDF27FA944A00B62117 /* DetailViewReactor.swift */ = {isa = PBXFileReference; lastKnownFileType = sourcecode.swift; path = DetailViewReactor.swift; sourceTree = "<group>"; };
		D479C82F26B5114D00A9A8DC /* UnsplasherTests.xctest */ = {isa = PBXFileReference; explicitFileType = wrapper.cfbundle; includeInIndex = 0; path = UnsplasherTests.xctest; sourceTree = BUILT_PRODUCTS_DIR; };
		D479C83326B5114D00A9A8DC /* Info.plist */ = {isa = PBXFileReference; lastKnownFileType = text.plist.xml; path = Info.plist; sourceTree = "<group>"; };
		D48CE60126777545000438A7 /* Unsplasher.app */ = {isa = PBXFileReference; explicitFileType = wrapper.application; includeInIndex = 0; path = Unsplasher.app; sourceTree = BUILT_PRODUCTS_DIR; };
		D48CE60426777545000438A7 /* AppDelegate.swift */ = {isa = PBXFileReference; lastKnownFileType = sourcecode.swift; path = AppDelegate.swift; sourceTree = "<group>"; };
		D48CE60D26777546000438A7 /* Assets.xcassets */ = {isa = PBXFileReference; lastKnownFileType = folder.assetcatalog; path = Assets.xcassets; sourceTree = "<group>"; };
		D48CE61026777546000438A7 /* Base */ = {isa = PBXFileReference; lastKnownFileType = file.storyboard; name = Base; path = Base.lproj/LaunchScreen.storyboard; sourceTree = "<group>"; };
		D48CE61226777546000438A7 /* Info.plist */ = {isa = PBXFileReference; lastKnownFileType = text.plist.xml; path = Info.plist; sourceTree = "<group>"; };
		D48CE61C26777A1A000438A7 /* SearchViewController.swift */ = {isa = PBXFileReference; lastKnownFileType = sourcecode.swift; path = SearchViewController.swift; sourceTree = "<group>"; };
		D48CE61E26777A21000438A7 /* PopularViewController.swift */ = {isa = PBXFileReference; lastKnownFileType = sourcecode.swift; path = PopularViewController.swift; sourceTree = "<group>"; };
		D48CE62026777A29000438A7 /* FavoriteViewController.swift */ = {isa = PBXFileReference; lastKnownFileType = sourcecode.swift; path = FavoriteViewController.swift; sourceTree = "<group>"; };
		D49068812686E02C00316379 /* FavoriteCell.swift */ = {isa = PBXFileReference; lastKnownFileType = sourcecode.swift; path = FavoriteCell.swift; sourceTree = "<group>"; };
		D4907A2B26C7C1BD00717A12 /* MockNetworkManager.swift */ = {isa = PBXFileReference; lastKnownFileType = sourcecode.swift; path = MockNetworkManager.swift; sourceTree = "<group>"; };
		D4907A2D26C7C2B800717A12 /* StorageManagerTests.swift */ = {isa = PBXFileReference; lastKnownFileType = sourcecode.swift; path = StorageManagerTests.swift; sourceTree = "<group>"; };
		D49CAA862680760800B87587 /* NetworkManager.swift */ = {isa = PBXFileReference; lastKnownFileType = sourcecode.swift; path = NetworkManager.swift; sourceTree = "<group>"; };
		D49CAA892680796A00B87587 /* UnsplashAPIService.swift */ = {isa = PBXFileReference; lastKnownFileType = sourcecode.swift; path = UnsplashAPIService.swift; sourceTree = "<group>"; };
		D49CAA8B268079B000B87587 /* LaunchViewController.swift */ = {isa = PBXFileReference; lastKnownFileType = sourcecode.swift; path = LaunchViewController.swift; sourceTree = "<group>"; };
		D49CAA8D268079DB00B87587 /* MainTabBarController.swift */ = {isa = PBXFileReference; lastKnownFileType = sourcecode.swift; path = MainTabBarController.swift; sourceTree = "<group>"; };
		D49EF3D726A420540034FD8F /* StorageManager.swift */ = {isa = PBXFileReference; lastKnownFileType = sourcecode.swift; path = StorageManager.swift; sourceTree = "<group>"; };
		D49EF3DB26A586730034FD8F /* DetailViewController.swift */ = {isa = PBXFileReference; lastKnownFileType = sourcecode.swift; path = DetailViewController.swift; sourceTree = "<group>"; };
		D49EF3DD26A586F00034FD8F /* POImageView.swift */ = {isa = PBXFileReference; lastKnownFileType = sourcecode.swift; path = POImageView.swift; sourceTree = "<group>"; };
		D4A9280A269068DF002B02D7 /* EndpointType.swift */ = {isa = PBXFileReference; lastKnownFileType = sourcecode.swift; path = EndpointType.swift; sourceTree = "<group>"; };
		D4A9280C26907FF8002B02D7 /* UnsplashEndpoint.swift */ = {isa = PBXFileReference; lastKnownFileType = sourcecode.swift; path = UnsplashEndpoint.swift; sourceTree = "<group>"; };
		D4A9280E26908C2B002B02D7 /* ServiceProvider.swift */ = {isa = PBXFileReference; lastKnownFileType = sourcecode.swift; path = ServiceProvider.swift; sourceTree = "<group>"; };
		D4A928102690D678002B02D7 /* ImageService.swift */ = {isa = PBXFileReference; lastKnownFileType = sourcecode.swift; path = ImageService.swift; sourceTree = "<group>"; };
/* End PBXFileReference section */

/* Begin PBXFrameworksBuildPhase section */
		D479C82C26B5114D00A9A8DC /* Frameworks */ = {
			isa = PBXFrameworksBuildPhase;
			buildActionMask = 2147483647;
			files = (
			);
			runOnlyForDeploymentPostprocessing = 0;
		};
		D48CE5FE26777545000438A7 /* Frameworks */ = {
			isa = PBXFrameworksBuildPhase;
			buildActionMask = 2147483647;
			files = (
				D4710FD527F974E400B62117 /* RxSwift in Frameworks */,
				D47B749E27F70AE4008246A5 /* RealmSwift in Frameworks */,
				D4710FCF27F974E400B62117 /* RxBlocking in Frameworks */,
				D47B749C27F70AE4008246A5 /* Realm in Frameworks */,
				D4710FD127F974E400B62117 /* RxCocoa in Frameworks */,
				D47B749627F70975008246A5 /* Then in Frameworks */,
				D4710FCA27F9711B00B62117 /* ReactorKit in Frameworks */,
				D4710FD327F974E400B62117 /* RxRelay in Frameworks */,
				D47B749927F70991008246A5 /* SnapKit in Frameworks */,
			);
			runOnlyForDeploymentPostprocessing = 0;
		};
/* End PBXFrameworksBuildPhase section */

/* Begin PBXGroup section */
		D40016E22680CD6D003CF521 /* Util */ = {
			isa = PBXGroup;
			children = (
				D40016E32680CD9E003CF521 /* Extension */,
			);
			path = Util;
			sourceTree = "<group>";
		};
		D40016E32680CD9E003CF521 /* Extension */ = {
			isa = PBXGroup;
			children = (
				D40016E82680DE54003CF521 /* Cell+Reusable.swift */,
			);
			path = Extension;
			sourceTree = "<group>";
		};
		D4691B2426B68218000F0C12 /* Mock */ = {
			isa = PBXGroup;
			children = (
				D4691B2726B69AF7000F0C12 /* MockURLSession.swift */,
				D4907A2B26C7C1BD00717A12 /* MockNetworkManager.swift */,
			);
			path = Mock;
			sourceTree = "<group>";
		};
		D4710FDD27FA8BCC00B62117 /* DetailScene */ = {
			isa = PBXGroup;
			children = (
				D49EF3DB26A586730034FD8F /* DetailViewController.swift */,
				D4710FDF27FA944A00B62117 /* DetailViewReactor.swift */,
			);
			path = DetailScene;
			sourceTree = "<group>";
		};
		D4710FDE27FA8BF000B62117 /* Common */ = {
			isa = PBXGroup;
			children = (
				D49EF3DD26A586F00034FD8F /* POImageView.swift */,
			);
			path = Common;
			sourceTree = "<group>";
		};
		D479C83026B5114D00A9A8DC /* UnsplasherTests */ = {
			isa = PBXGroup;
			children = (
				D4691B2426B68218000F0C12 /* Mock */,
				D4691B2926B6A49C000F0C12 /* NetworkManagerTests.swift */,
				D4907A2D26C7C2B800717A12 /* StorageManagerTests.swift */,
				D45D932F26B83EF50024D0A8 /* GlobalPropertyServiceTests.swift */,
				D4691B2B26B6B058000F0C12 /* UnsplashAPIServiceTests.swift */,
				D479C83326B5114D00A9A8DC /* Info.plist */,
			);
			path = UnsplasherTests;
			sourceTree = "<group>";
		};
		D4813AB1268874890065C27C /* Supporting */ = {
			isa = PBXGroup;
			children = (
				D48CE61226777546000438A7 /* Info.plist */,
			);
			path = Supporting;
			sourceTree = "<group>";
		};
		D4813AB2268874900065C27C /* Resources */ = {
			isa = PBXGroup;
			children = (
				D48CE60D26777546000438A7 /* Assets.xcassets */,
			);
			path = Resources;
			sourceTree = "<group>";
		};
		D4813AB3268874A60065C27C /* Sources */ = {
			isa = PBXGroup;
			children = (
				D48CE60F26777546000438A7 /* LaunchScreen.storyboard */,
				D48CE60426777545000438A7 /* AppDelegate.swift */,
				D4035D4A280C07B10078DE1F /* AppConfiguration.swift */,
				D4EFDFE827FBD3AD00A4F114 /* Presentation */,
				D4EFDFE927FBD3BF00A4F114 /* Domain */,
				D4EFDFEA27FBD3C600A4F114 /* Data */,
			);
			path = Sources;
			sourceTree = "<group>";
		};
		D48B87AF268A333A00461E0D /* Entity */ = {
			isa = PBXGroup;
			children = (
				D42B15E02690F0FA00238CEF /* ImageModel.swift */,
			);
			path = Entity;
			sourceTree = "<group>";
		};
		D48CE5F826777545000438A7 = {
			isa = PBXGroup;
			children = (
				D48CE60326777545000438A7 /* Unsplasher */,
				D479C83026B5114D00A9A8DC /* UnsplasherTests */,
				D48CE60226777545000438A7 /* Products */,
			);
			sourceTree = "<group>";
		};
		D48CE60226777545000438A7 /* Products */ = {
			isa = PBXGroup;
			children = (
				D48CE60126777545000438A7 /* Unsplasher.app */,
				D479C82F26B5114D00A9A8DC /* UnsplasherTests.xctest */,
			);
			name = Products;
			sourceTree = "<group>";
		};
		D48CE60326777545000438A7 /* Unsplasher */ = {
			isa = PBXGroup;
			children = (
				D4813AB1268874890065C27C /* Supporting */,
				D4813AB2268874900065C27C /* Resources */,
				D4813AB3268874A60065C27C /* Sources */,
			);
			path = Unsplasher;
			sourceTree = "<group>";
		};
		D48CE61826777723000438A7 /* Scene */ = {
			isa = PBXGroup;
			children = (
				D49CAA8B268079B000B87587 /* LaunchViewController.swift */,
				D49CAA8D268079DB00B87587 /* MainTabBarController.swift */,
				D48CE61926777788000438A7 /* SearchScene */,
				D48CE61A26777790000438A7 /* PopularScene */,
				D48CE61B267779E9000438A7 /* FavoriteScene */,
				D4710FDD27FA8BCC00B62117 /* DetailScene */,
				D4710FDE27FA8BF000B62117 /* Common */,
			);
			path = Scene;
			sourceTree = "<group>";
		};
		D48CE61926777788000438A7 /* SearchScene */ = {
			isa = PBXGroup;
			children = (
				D48CE61C26777A1A000438A7 /* SearchViewController.swift */,
				D4710FCB27F9740C00B62117 /* SearchViewReactor.swift */,
				D40016E62680DDF6003CF521 /* SearchCell.swift */,
			);
			path = SearchScene;
			sourceTree = "<group>";
		};
		D48CE61A26777790000438A7 /* PopularScene */ = {
			isa = PBXGroup;
			children = (
				D48CE61E26777A21000438A7 /* PopularViewController.swift */,
				D4710FD627F9A54600B62117 /* PopularViewReactor.swift */,
				D40016EA2680ECE3003CF521 /* PopularCell.swift */,
			);
			path = PopularScene;
			sourceTree = "<group>";
		};
		D48CE61B267779E9000438A7 /* FavoriteScene */ = {
			isa = PBXGroup;
			children = (
				D48CE62026777A29000438A7 /* FavoriteViewController.swift */,
				D4710FDB27FA863800B62117 /* FavoriteViewReactor.swift */,
				D49068812686E02C00316379 /* FavoriteCell.swift */,
			);
			path = FavoriteScene;
			sourceTree = "<group>";
		};
		D49CAA85268075C900B87587 /* Repository */ = {
			isa = PBXGroup;
			children = (
			);
			path = Repository;
			sourceTree = "<group>";
		};
		D49CAA882680762600B87587 /* UseCase */ = {
			isa = PBXGroup;
			children = (
				D4A9280E26908C2B002B02D7 /* ServiceProvider.swift */,
				D49CAA892680796A00B87587 /* UnsplashAPIService.swift */,
				D4A928102690D678002B02D7 /* ImageService.swift */,
				D4A9280C26907FF8002B02D7 /* UnsplashEndpoint.swift */,
			);
			path = UseCase;
			sourceTree = "<group>";
		};
		D4EFDFE827FBD3AD00A4F114 /* Presentation */ = {
			isa = PBXGroup;
			children = (
				D48CE61826777723000438A7 /* Scene */,
				D40016E22680CD6D003CF521 /* Util */,
			);
			path = Presentation;
			sourceTree = "<group>";
		};
		D4EFDFE927FBD3BF00A4F114 /* Domain */ = {
			isa = PBXGroup;
			children = (
				D48B87AF268A333A00461E0D /* Entity */,
				D49CAA882680762600B87587 /* UseCase */,
			);
			path = Domain;
			sourceTree = "<group>";
		};
		D4EFDFEA27FBD3C600A4F114 /* Data */ = {
			isa = PBXGroup;
			children = (
				D49CAA85268075C900B87587 /* Repository */,
				D4EFDFEB27FBD4C600A4F114 /* Network */,
				D4EFDFEC27FBD4D100A4F114 /* Database */,
			);
			path = Data;
			sourceTree = "<group>";
		};
		D4EFDFEB27FBD4C600A4F114 /* Network */ = {
			isa = PBXGroup;
			children = (
				D4A9280A269068DF002B02D7 /* EndpointType.swift */,
				D4035D40280C061C0078DE1F /* AnyEncodable.swift */,
				D4035D3C280C05D80078DE1F /* HTTPHeader.swift */,
				D4035D44280C06620078DE1F /* ParameterEncoding.swift */,
				D4035D48280C06DC0078DE1F /* NetworkCancellable.swift */,
				D4035D46280C06750078DE1F /* URLSessionType.swift */,
				D4035D42280C06300078DE1F /* NetworkManagerError.swift */,
				D4035D3A280C05A50078DE1F /* NetworkConfigurable.swift */,
				D49CAA862680760800B87587 /* NetworkManager.swift */,
			);
			path = Network;
			sourceTree = "<group>";
		};
		D4EFDFEC27FBD4D100A4F114 /* Database */ = {
			isa = PBXGroup;
			children = (
				D49EF3D726A420540034FD8F /* StorageManager.swift */,
			);
			path = Database;
			sourceTree = "<group>";
		};
/* End PBXGroup section */

/* Begin PBXNativeTarget section */
		D479C82E26B5114D00A9A8DC /* UnsplasherTests */ = {
			isa = PBXNativeTarget;
			buildConfigurationList = D479C83826B5114D00A9A8DC /* Build configuration list for PBXNativeTarget "UnsplasherTests" */;
			buildPhases = (
				D479C82B26B5114D00A9A8DC /* Sources */,
				D479C82C26B5114D00A9A8DC /* Frameworks */,
				D479C82D26B5114D00A9A8DC /* Resources */,
			);
			buildRules = (
			);
			dependencies = (
				D479C83526B5114D00A9A8DC /* PBXTargetDependency */,
			);
			name = UnsplasherTests;
			productName = UnsplasherTests;
			productReference = D479C82F26B5114D00A9A8DC /* UnsplasherTests.xctest */;
			productType = "com.apple.product-type.bundle.unit-test";
		};
		D48CE60026777545000438A7 /* Unsplasher */ = {
			isa = PBXNativeTarget;
			buildConfigurationList = D48CE61526777546000438A7 /* Build configuration list for PBXNativeTarget "Unsplasher" */;
			buildPhases = (
				D48CE5FD26777545000438A7 /* Sources */,
				D48CE5FE26777545000438A7 /* Frameworks */,
				D48CE5FF26777545000438A7 /* Resources */,
			);
			buildRules = (
			);
			dependencies = (
			);
			name = Unsplasher;
			packageProductDependencies = (
				D47B749527F70975008246A5 /* Then */,
				D47B749827F70991008246A5 /* SnapKit */,
				D47B749B27F70AE4008246A5 /* Realm */,
				D47B749D27F70AE4008246A5 /* RealmSwift */,
				D4710FC927F9711B00B62117 /* ReactorKit */,
				D4710FCE27F974E400B62117 /* RxBlocking */,
				D4710FD027F974E400B62117 /* RxCocoa */,
				D4710FD227F974E400B62117 /* RxRelay */,
				D4710FD427F974E400B62117 /* RxSwift */,
			);
			productName = Unsplasher;
			productReference = D48CE60126777545000438A7 /* Unsplasher.app */;
			productType = "com.apple.product-type.application";
		};
/* End PBXNativeTarget section */

/* Begin PBXProject section */
		D48CE5F926777545000438A7 /* Project object */ = {
			isa = PBXProject;
			attributes = {
				LastSwiftUpdateCheck = 1250;
				LastUpgradeCheck = 1250;
				TargetAttributes = {
					D479C82E26B5114D00A9A8DC = {
						CreatedOnToolsVersion = 12.5;
						TestTargetID = D48CE60026777545000438A7;
					};
					D48CE60026777545000438A7 = {
						CreatedOnToolsVersion = 12.5;
					};
				};
			};
			buildConfigurationList = D48CE5FC26777545000438A7 /* Build configuration list for PBXProject "Unsplasher" */;
			compatibilityVersion = "Xcode 9.3";
			developmentRegion = en;
			hasScannedForEncodings = 0;
			knownRegions = (
				en,
				Base,
			);
			mainGroup = D48CE5F826777545000438A7;
			packageReferences = (
				D47B749427F70975008246A5 /* XCRemoteSwiftPackageReference "Then" */,
				D47B749727F70991008246A5 /* XCRemoteSwiftPackageReference "SnapKit" */,
				D47B749A27F70AE4008246A5 /* XCRemoteSwiftPackageReference "realm-swift" */,
				D4710FC827F9711B00B62117 /* XCRemoteSwiftPackageReference "ReactorKit" */,
				D4710FCD27F974E400B62117 /* XCRemoteSwiftPackageReference "RxSwift" */,
			);
			productRefGroup = D48CE60226777545000438A7 /* Products */;
			projectDirPath = "";
			projectRoot = "";
			targets = (
				D48CE60026777545000438A7 /* Unsplasher */,
				D479C82E26B5114D00A9A8DC /* UnsplasherTests */,
			);
		};
/* End PBXProject section */

/* Begin PBXResourcesBuildPhase section */
		D479C82D26B5114D00A9A8DC /* Resources */ = {
			isa = PBXResourcesBuildPhase;
			buildActionMask = 2147483647;
			files = (
			);
			runOnlyForDeploymentPostprocessing = 0;
		};
		D48CE5FF26777545000438A7 /* Resources */ = {
			isa = PBXResourcesBuildPhase;
			buildActionMask = 2147483647;
			files = (
				D48CE61126777546000438A7 /* LaunchScreen.storyboard in Resources */,
				D48CE60E26777546000438A7 /* Assets.xcassets in Resources */,
			);
			runOnlyForDeploymentPostprocessing = 0;
		};
/* End PBXResourcesBuildPhase section */

/* Begin PBXSourcesBuildPhase section */
		D479C82B26B5114D00A9A8DC /* Sources */ = {
			isa = PBXSourcesBuildPhase;
			buildActionMask = 2147483647;
			files = (
				D4691B2C26B6B058000F0C12 /* UnsplashAPIServiceTests.swift in Sources */,
				D4691B2A26B6A49C000F0C12 /* NetworkManagerTests.swift in Sources */,
				D45D933026B83EF50024D0A8 /* GlobalPropertyServiceTests.swift in Sources */,
				D4907A2E26C7C2B800717A12 /* StorageManagerTests.swift in Sources */,
				D4691B2826B69AF7000F0C12 /* MockURLSession.swift in Sources */,
				D4907A2C26C7C1BD00717A12 /* MockNetworkManager.swift in Sources */,
			);
			runOnlyForDeploymentPostprocessing = 0;
		};
		D48CE5FD26777545000438A7 /* Sources */ = {
			isa = PBXSourcesBuildPhase;
			buildActionMask = 2147483647;
			files = (
				D4A9280B269068DF002B02D7 /* EndpointType.swift in Sources */,
				D49CAA8A2680796A00B87587 /* UnsplashAPIService.swift in Sources */,
				D4A9280D26907FF8002B02D7 /* UnsplashEndpoint.swift in Sources */,
				D40016E72680DDF6003CF521 /* SearchCell.swift in Sources */,
				D49EF3DE26A586F00034FD8F /* POImageView.swift in Sources */,
				D49EF3DC26A586730034FD8F /* DetailViewController.swift in Sources */,
				D4710FDC27FA863800B62117 /* FavoriteViewReactor.swift in Sources */,
				D4035D41280C061C0078DE1F /* AnyEncodable.swift in Sources */,
				D48CE61F26777A21000438A7 /* PopularViewController.swift in Sources */,
				D4035D3D280C05D80078DE1F /* HTTPHeader.swift in Sources */,
				D4035D45280C06620078DE1F /* ParameterEncoding.swift in Sources */,
				D40016EB2680ECE3003CF521 /* PopularCell.swift in Sources */,
				D4035D43280C06300078DE1F /* NetworkManagerError.swift in Sources */,
				D49CAA8E268079DB00B87587 /* MainTabBarController.swift in Sources */,
				D4710FE027FA944A00B62117 /* DetailViewReactor.swift in Sources */,
				D48CE61D26777A1A000438A7 /* SearchViewController.swift in Sources */,
				D49EF3D826A420540034FD8F /* StorageManager.swift in Sources */,
				D40016E92680DE54003CF521 /* Cell+Reusable.swift in Sources */,
				D48CE62126777A29000438A7 /* FavoriteViewController.swift in Sources */,
				D49CAA872680760800B87587 /* NetworkManager.swift in Sources */,
				D4035D4B280C07B10078DE1F /* AppConfiguration.swift in Sources */,
				D4035D49280C06DC0078DE1F /* NetworkCancellable.swift in Sources */,
				D4035D47280C06750078DE1F /* URLSessionType.swift in Sources */,
				D4035D3B280C05A50078DE1F /* NetworkConfigurable.swift in Sources */,
				D4A9280F26908C2B002B02D7 /* ServiceProvider.swift in Sources */,
				D4710FD727F9A54600B62117 /* PopularViewReactor.swift in Sources */,
				D4A928112690D678002B02D7 /* ImageService.swift in Sources */,
				D49068822686E02C00316379 /* FavoriteCell.swift in Sources */,
				D49CAA8C268079B000B87587 /* LaunchViewController.swift in Sources */,
				D48CE60526777545000438A7 /* AppDelegate.swift in Sources */,
				D42B15E12690F0FA00238CEF /* ImageModel.swift in Sources */,
				D4710FCC27F9740C00B62117 /* SearchViewReactor.swift in Sources */,
			);
			runOnlyForDeploymentPostprocessing = 0;
		};
/* End PBXSourcesBuildPhase section */

/* Begin PBXTargetDependency section */
		D479C83526B5114D00A9A8DC /* PBXTargetDependency */ = {
			isa = PBXTargetDependency;
			target = D48CE60026777545000438A7 /* Unsplasher */;
			targetProxy = D479C83426B5114D00A9A8DC /* PBXContainerItemProxy */;
		};
/* End PBXTargetDependency section */

/* Begin PBXVariantGroup section */
		D48CE60F26777546000438A7 /* LaunchScreen.storyboard */ = {
			isa = PBXVariantGroup;
			children = (
				D48CE61026777546000438A7 /* Base */,
			);
			name = LaunchScreen.storyboard;
			sourceTree = "<group>";
		};
/* End PBXVariantGroup section */

/* Begin XCBuildConfiguration section */
		D479C83626B5114D00A9A8DC /* Debug */ = {
			isa = XCBuildConfiguration;
			buildSettings = {
				BUNDLE_LOADER = "$(TEST_HOST)";
				CODE_SIGN_STYLE = Automatic;
				DEVELOPMENT_TEAM = 38DT2DCWWK;
				INFOPLIST_FILE = UnsplasherTests/Info.plist;
				LD_RUNPATH_SEARCH_PATHS = (
					"$(inherited)",
					"@executable_path/Frameworks",
					"@loader_path/Frameworks",
				);
				PRODUCT_BUNDLE_IDENTIFIER = kr.pio.UnsplasherTests;
				PRODUCT_NAME = "$(TARGET_NAME)";
				SWIFT_VERSION = 5.0;
				TARGETED_DEVICE_FAMILY = "1,2";
				TEST_HOST = "$(BUILT_PRODUCTS_DIR)/Unsplasher.app/Unsplasher";
			};
			name = Debug;
		};
		D479C83726B5114D00A9A8DC /* Release */ = {
			isa = XCBuildConfiguration;
			buildSettings = {
				BUNDLE_LOADER = "$(TEST_HOST)";
				CODE_SIGN_STYLE = Automatic;
				DEVELOPMENT_TEAM = 38DT2DCWWK;
				INFOPLIST_FILE = UnsplasherTests/Info.plist;
				LD_RUNPATH_SEARCH_PATHS = (
					"$(inherited)",
					"@executable_path/Frameworks",
					"@loader_path/Frameworks",
				);
				PRODUCT_BUNDLE_IDENTIFIER = kr.pio.UnsplasherTests;
				PRODUCT_NAME = "$(TARGET_NAME)";
				SWIFT_VERSION = 5.0;
				TARGETED_DEVICE_FAMILY = "1,2";
				TEST_HOST = "$(BUILT_PRODUCTS_DIR)/Unsplasher.app/Unsplasher";
			};
			name = Release;
		};
		D48CE61326777546000438A7 /* Debug */ = {
			isa = XCBuildConfiguration;
			buildSettings = {
				ALWAYS_SEARCH_USER_PATHS = NO;
				CLANG_ANALYZER_NONNULL = YES;
				CLANG_ANALYZER_NUMBER_OBJECT_CONVERSION = YES_AGGRESSIVE;
				CLANG_CXX_LANGUAGE_STANDARD = "gnu++14";
				CLANG_CXX_LIBRARY = "libc++";
				CLANG_ENABLE_MODULES = YES;
				CLANG_ENABLE_OBJC_ARC = YES;
				CLANG_ENABLE_OBJC_WEAK = YES;
				CLANG_WARN_BLOCK_CAPTURE_AUTORELEASING = YES;
				CLANG_WARN_BOOL_CONVERSION = YES;
				CLANG_WARN_COMMA = YES;
				CLANG_WARN_CONSTANT_CONVERSION = YES;
				CLANG_WARN_DEPRECATED_OBJC_IMPLEMENTATIONS = YES;
				CLANG_WARN_DIRECT_OBJC_ISA_USAGE = YES_ERROR;
				CLANG_WARN_DOCUMENTATION_COMMENTS = YES;
				CLANG_WARN_EMPTY_BODY = YES;
				CLANG_WARN_ENUM_CONVERSION = YES;
				CLANG_WARN_INFINITE_RECURSION = YES;
				CLANG_WARN_INT_CONVERSION = YES;
				CLANG_WARN_NON_LITERAL_NULL_CONVERSION = YES;
				CLANG_WARN_OBJC_IMPLICIT_RETAIN_SELF = YES;
				CLANG_WARN_OBJC_LITERAL_CONVERSION = YES;
				CLANG_WARN_OBJC_ROOT_CLASS = YES_ERROR;
				CLANG_WARN_QUOTED_INCLUDE_IN_FRAMEWORK_HEADER = YES;
				CLANG_WARN_RANGE_LOOP_ANALYSIS = YES;
				CLANG_WARN_STRICT_PROTOTYPES = YES;
				CLANG_WARN_SUSPICIOUS_MOVE = YES;
				CLANG_WARN_UNGUARDED_AVAILABILITY = YES_AGGRESSIVE;
				CLANG_WARN_UNREACHABLE_CODE = YES;
				CLANG_WARN__DUPLICATE_METHOD_MATCH = YES;
				COPY_PHASE_STRIP = NO;
				DEBUG_INFORMATION_FORMAT = dwarf;
				ENABLE_STRICT_OBJC_MSGSEND = YES;
				ENABLE_TESTABILITY = YES;
				GCC_C_LANGUAGE_STANDARD = gnu11;
				GCC_DYNAMIC_NO_PIC = NO;
				GCC_NO_COMMON_BLOCKS = YES;
				GCC_OPTIMIZATION_LEVEL = 0;
				GCC_PREPROCESSOR_DEFINITIONS = (
					"DEBUG=1",
					"$(inherited)",
				);
				GCC_WARN_64_TO_32_BIT_CONVERSION = YES;
				GCC_WARN_ABOUT_RETURN_TYPE = YES_ERROR;
				GCC_WARN_UNDECLARED_SELECTOR = YES;
				GCC_WARN_UNINITIALIZED_AUTOS = YES_AGGRESSIVE;
				GCC_WARN_UNUSED_FUNCTION = YES;
				GCC_WARN_UNUSED_VARIABLE = YES;
				IPHONEOS_DEPLOYMENT_TARGET = 14.5;
				MTL_ENABLE_DEBUG_INFO = INCLUDE_SOURCE;
				MTL_FAST_MATH = YES;
				ONLY_ACTIVE_ARCH = YES;
				SDKROOT = iphoneos;
				SWIFT_ACTIVE_COMPILATION_CONDITIONS = DEBUG;
				SWIFT_OPTIMIZATION_LEVEL = "-Onone";
			};
			name = Debug;
		};
		D48CE61426777546000438A7 /* Release */ = {
			isa = XCBuildConfiguration;
			buildSettings = {
				ALWAYS_SEARCH_USER_PATHS = NO;
				CLANG_ANALYZER_NONNULL = YES;
				CLANG_ANALYZER_NUMBER_OBJECT_CONVERSION = YES_AGGRESSIVE;
				CLANG_CXX_LANGUAGE_STANDARD = "gnu++14";
				CLANG_CXX_LIBRARY = "libc++";
				CLANG_ENABLE_MODULES = YES;
				CLANG_ENABLE_OBJC_ARC = YES;
				CLANG_ENABLE_OBJC_WEAK = YES;
				CLANG_WARN_BLOCK_CAPTURE_AUTORELEASING = YES;
				CLANG_WARN_BOOL_CONVERSION = YES;
				CLANG_WARN_COMMA = YES;
				CLANG_WARN_CONSTANT_CONVERSION = YES;
				CLANG_WARN_DEPRECATED_OBJC_IMPLEMENTATIONS = YES;
				CLANG_WARN_DIRECT_OBJC_ISA_USAGE = YES_ERROR;
				CLANG_WARN_DOCUMENTATION_COMMENTS = YES;
				CLANG_WARN_EMPTY_BODY = YES;
				CLANG_WARN_ENUM_CONVERSION = YES;
				CLANG_WARN_INFINITE_RECURSION = YES;
				CLANG_WARN_INT_CONVERSION = YES;
				CLANG_WARN_NON_LITERAL_NULL_CONVERSION = YES;
				CLANG_WARN_OBJC_IMPLICIT_RETAIN_SELF = YES;
				CLANG_WARN_OBJC_LITERAL_CONVERSION = YES;
				CLANG_WARN_OBJC_ROOT_CLASS = YES_ERROR;
				CLANG_WARN_QUOTED_INCLUDE_IN_FRAMEWORK_HEADER = YES;
				CLANG_WARN_RANGE_LOOP_ANALYSIS = YES;
				CLANG_WARN_STRICT_PROTOTYPES = YES;
				CLANG_WARN_SUSPICIOUS_MOVE = YES;
				CLANG_WARN_UNGUARDED_AVAILABILITY = YES_AGGRESSIVE;
				CLANG_WARN_UNREACHABLE_CODE = YES;
				CLANG_WARN__DUPLICATE_METHOD_MATCH = YES;
				COPY_PHASE_STRIP = NO;
				DEBUG_INFORMATION_FORMAT = "dwarf-with-dsym";
				ENABLE_NS_ASSERTIONS = NO;
				ENABLE_STRICT_OBJC_MSGSEND = YES;
				GCC_C_LANGUAGE_STANDARD = gnu11;
				GCC_NO_COMMON_BLOCKS = YES;
				GCC_WARN_64_TO_32_BIT_CONVERSION = YES;
				GCC_WARN_ABOUT_RETURN_TYPE = YES_ERROR;
				GCC_WARN_UNDECLARED_SELECTOR = YES;
				GCC_WARN_UNINITIALIZED_AUTOS = YES_AGGRESSIVE;
				GCC_WARN_UNUSED_FUNCTION = YES;
				GCC_WARN_UNUSED_VARIABLE = YES;
				IPHONEOS_DEPLOYMENT_TARGET = 14.5;
				MTL_ENABLE_DEBUG_INFO = NO;
				MTL_FAST_MATH = YES;
				SDKROOT = iphoneos;
				SWIFT_COMPILATION_MODE = wholemodule;
				SWIFT_OPTIMIZATION_LEVEL = "-O";
				VALIDATE_PRODUCT = YES;
			};
			name = Release;
		};
		D48CE61626777546000438A7 /* Debug */ = {
			isa = XCBuildConfiguration;
			buildSettings = {
				ASSETCATALOG_COMPILER_APPICON_NAME = AppIcon;
				ASSETCATALOG_COMPILER_GLOBAL_ACCENT_COLOR_NAME = AccentColor;
				CODE_SIGN_STYLE = Automatic;
				DEVELOPMENT_TEAM = 38DT2DCWWK;
				INFOPLIST_FILE = Unsplasher/Supporting/Info.plist;
				IPHONEOS_DEPLOYMENT_TARGET = 13.0;
				LD_RUNPATH_SEARCH_PATHS = (
					"$(inherited)",
					"@executable_path/Frameworks",
				);
				PRODUCT_BUNDLE_IDENTIFIER = kr.pio.Unsplasher;
				PRODUCT_NAME = "$(TARGET_NAME)";
				SWIFT_VERSION = 5.0;
				TARGETED_DEVICE_FAMILY = "1,2";
				UNSPLASH_ACCESS_KEY = "";
				UNSPLASH_BASE_URL = "";
			};
			name = Debug;
		};
		D48CE61726777546000438A7 /* Release */ = {
			isa = XCBuildConfiguration;
			buildSettings = {
				ASSETCATALOG_COMPILER_APPICON_NAME = AppIcon;
				ASSETCATALOG_COMPILER_GLOBAL_ACCENT_COLOR_NAME = AccentColor;
				CODE_SIGN_STYLE = Automatic;
				DEVELOPMENT_TEAM = 38DT2DCWWK;
				INFOPLIST_FILE = Unsplasher/Supporting/Info.plist;
				IPHONEOS_DEPLOYMENT_TARGET = 13.0;
				LD_RUNPATH_SEARCH_PATHS = (
					"$(inherited)",
					"@executable_path/Frameworks",
				);
				PRODUCT_BUNDLE_IDENTIFIER = kr.pio.Unsplasher;
				PRODUCT_NAME = "$(TARGET_NAME)";
				SWIFT_VERSION = 5.0;
				TARGETED_DEVICE_FAMILY = "1,2";
				UNSPLASH_ACCESS_KEY = "";
				UNSPLASH_BASE_URL = "";
			};
			name = Release;
		};
/* End XCBuildConfiguration section */

/* Begin XCConfigurationList section */
		D479C83826B5114D00A9A8DC /* Build configuration list for PBXNativeTarget "UnsplasherTests" */ = {
			isa = XCConfigurationList;
			buildConfigurations = (
				D479C83626B5114D00A9A8DC /* Debug */,
				D479C83726B5114D00A9A8DC /* Release */,
			);
			defaultConfigurationIsVisible = 0;
			defaultConfigurationName = Release;
		};
		D48CE5FC26777545000438A7 /* Build configuration list for PBXProject "Unsplasher" */ = {
			isa = XCConfigurationList;
			buildConfigurations = (
				D48CE61326777546000438A7 /* Debug */,
				D48CE61426777546000438A7 /* Release */,
			);
			defaultConfigurationIsVisible = 0;
			defaultConfigurationName = Release;
		};
		D48CE61526777546000438A7 /* Build configuration list for PBXNativeTarget "Unsplasher" */ = {
			isa = XCConfigurationList;
			buildConfigurations = (
				D48CE61626777546000438A7 /* Debug */,
				D48CE61726777546000438A7 /* Release */,
			);
			defaultConfigurationIsVisible = 0;
			defaultConfigurationName = Release;
		};
/* End XCConfigurationList section */

/* Begin XCRemoteSwiftPackageReference section */
		D4710FC827F9711B00B62117 /* XCRemoteSwiftPackageReference "ReactorKit" */ = {
			isa = XCRemoteSwiftPackageReference;
			repositoryURL = "https://github.com/ReactorKit/ReactorKit";
			requirement = {
				kind = exactVersion;
				version = 3.2.0;
			};
		};
		D4710FCD27F974E400B62117 /* XCRemoteSwiftPackageReference "RxSwift" */ = {
			isa = XCRemoteSwiftPackageReference;
			repositoryURL = "https://github.com/ReactiveX/RxSwift";
			requirement = {
				kind = exactVersion;
				version = 6.5.0;
			};
		};
		D47B749427F70975008246A5 /* XCRemoteSwiftPackageReference "Then" */ = {
			isa = XCRemoteSwiftPackageReference;
			repositoryURL = "https://github.com/devxoul/Then";
			requirement = {
				kind = exactVersion;
				version = 2.7.0;
			};
		};
		D47B749727F70991008246A5 /* XCRemoteSwiftPackageReference "SnapKit" */ = {
			isa = XCRemoteSwiftPackageReference;
			repositoryURL = "https://github.com/SnapKit/SnapKit";
			requirement = {
				kind = exactVersion;
				version = 5.0.1;
			};
		};
		D47B749A27F70AE4008246A5 /* XCRemoteSwiftPackageReference "realm-swift" */ = {
			isa = XCRemoteSwiftPackageReference;
			repositoryURL = "https://github.com/realm/realm-swift";
			requirement = {
				kind = exactVersion;
				version = 10.12.0;
			};
		};
/* End XCRemoteSwiftPackageReference section */

/* Begin XCSwiftPackageProductDependency section */
		D4710FC927F9711B00B62117 /* ReactorKit */ = {
			isa = XCSwiftPackageProductDependency;
			package = D4710FC827F9711B00B62117 /* XCRemoteSwiftPackageReference "ReactorKit" */;
			productName = ReactorKit;
		};
		D4710FCE27F974E400B62117 /* RxBlocking */ = {
			isa = XCSwiftPackageProductDependency;
			package = D4710FCD27F974E400B62117 /* XCRemoteSwiftPackageReference "RxSwift" */;
			productName = RxBlocking;
		};
		D4710FD027F974E400B62117 /* RxCocoa */ = {
			isa = XCSwiftPackageProductDependency;
			package = D4710FCD27F974E400B62117 /* XCRemoteSwiftPackageReference "RxSwift" */;
			productName = RxCocoa;
		};
		D4710FD227F974E400B62117 /* RxRelay */ = {
			isa = XCSwiftPackageProductDependency;
			package = D4710FCD27F974E400B62117 /* XCRemoteSwiftPackageReference "RxSwift" */;
			productName = RxRelay;
		};
		D4710FD427F974E400B62117 /* RxSwift */ = {
			isa = XCSwiftPackageProductDependency;
			package = D4710FCD27F974E400B62117 /* XCRemoteSwiftPackageReference "RxSwift" */;
			productName = RxSwift;
		};
		D47B749527F70975008246A5 /* Then */ = {
			isa = XCSwiftPackageProductDependency;
			package = D47B749427F70975008246A5 /* XCRemoteSwiftPackageReference "Then" */;
			productName = Then;
		};
		D47B749827F70991008246A5 /* SnapKit */ = {
			isa = XCSwiftPackageProductDependency;
			package = D47B749727F70991008246A5 /* XCRemoteSwiftPackageReference "SnapKit" */;
			productName = SnapKit;
		};
		D47B749B27F70AE4008246A5 /* Realm */ = {
			isa = XCSwiftPackageProductDependency;
			package = D47B749A27F70AE4008246A5 /* XCRemoteSwiftPackageReference "realm-swift" */;
			productName = Realm;
		};
		D47B749D27F70AE4008246A5 /* RealmSwift */ = {
			isa = XCSwiftPackageProductDependency;
			package = D47B749A27F70AE4008246A5 /* XCRemoteSwiftPackageReference "realm-swift" */;
			productName = RealmSwift;
		};
/* End XCSwiftPackageProductDependency section */
	};
	rootObject = D48CE5F926777545000438A7 /* Project object */;
}
